<?xml version="1.0" encoding="utf-8"?>
<Project ToolsVersion="4.0" xmlns="http://schemas.microsoft.com/developer/msbuild/2003">
  <ItemGroup>
    <Filter Include="ソース ファイル">
      <UniqueIdentifier>{4FC737F1-C7A5-4376-A066-2A32D752A2FF}</UniqueIdentifier>
      <Extensions>cpp;c;cc;cxx;c++;cppm;ixx;def;odl;idl;hpj;bat;asm;asmx</Extensions>
    </Filter>
    <Filter Include="ヘッダー ファイル">
      <UniqueIdentifier>{93995380-89BD-4b04-88EB-625FBE52EBFB}</UniqueIdentifier>
      <Extensions>h;hh;hpp;hxx;h++;hm;inl;inc;ipp;xsd</Extensions>
    </Filter>
    <Filter Include="リソース ファイル">
      <UniqueIdentifier>{67DA6AB6-F800-4c08-8B7A-83BB121AAD01}</UniqueIdentifier>
      <Extensions>rc;ico;cur;bmp;dlg;rc2;rct;bin;rgs;gif;jpg;jpeg;jpe;resx;tiff;tif;png;wav;mfcribbon-ms</Extensions>
    </Filter>
    <Filter Include="externals">
      <UniqueIdentifier>{b05f0138-5552-487b-8ffd-321ec6d704b0}</UniqueIdentifier>
    </Filter>
    <Filter Include="externals\imgui">
      <UniqueIdentifier>{e8e8e278-b259-4d45-a15a-584ab892f8a9}</UniqueIdentifier>
    </Filter>
    <Filter Include="Engine">
      <UniqueIdentifier>{3e70e99a-7d20-4abc-9dbe-c2b75f3b33e3}</UniqueIdentifier>
    </Filter>
    <Filter Include="Engine\Graphics">
      <UniqueIdentifier>{9b6445a1-5e85-45cd-9552-e47fb2e4eebf}</UniqueIdentifier>
    </Filter>
    <Filter Include="Engine\Math">
      <UniqueIdentifier>{6f6a0c3a-4fc9-401f-bfbb-8f5f57ee2ffa}</UniqueIdentifier>
    </Filter>
    <Filter Include="Engine\Utility">
      <UniqueIdentifier>{d91e11f0-65a7-4a49-9b8a-38f5b6de0bb9}</UniqueIdentifier>
    </Filter>
    <Filter Include="Engine\Input">
      <UniqueIdentifier>{85c48e7c-8fd7-4793-adb0-3cfe4a9c3c20}</UniqueIdentifier>
    </Filter>
    <Filter Include="Game">
      <UniqueIdentifier>{e0bb7d9d-6db6-4bc7-b27b-6a3e7fb85d1e}</UniqueIdentifier>
    </Filter>
  </ItemGroup>
  <ItemGroup>
    <ClCompile Include="externals\imgui\imgui.cpp">
      <Filter>externals\imgui</Filter>
    </ClCompile>
    <ClCompile Include="externals\imgui\imgui_demo.cpp">
      <Filter>externals\imgui</Filter>
    </ClCompile>
    <ClCompile Include="externals\imgui\imgui_draw.cpp">
      <Filter>externals\imgui</Filter>
    </ClCompile>
    <ClCompile Include="externals\imgui\imgui_impl_dx12.cpp">
      <Filter>externals\imgui</Filter>
    </ClCompile>
    <ClCompile Include="externals\imgui\imgui_impl_win32.cpp">
      <Filter>externals\imgui</Filter>
    </ClCompile>
    <ClCompile Include="externals\imgui\imgui_tables.cpp">
      <Filter>externals\imgui</Filter>
    </ClCompile>
    <ClCompile Include="externals\imgui\imgui_widgets.cpp">
      <Filter>externals\imgui</Filter>
    </ClCompile>
    <ClCompile Include="src\Engine\Input\Input.cpp">
      <Filter>Engine\Input</Filter>
    </ClCompile>
    <ClCompile Include="src\Engine\Utility\WinApp.cpp">
      <Filter>Engine\Utility</Filter>
    </ClCompile>
    <ClCompile Include="src\Engine\Graphics\DirectXCommon.cpp">
      <Filter>Engine\Graphics</Filter>
    </ClCompile>
    <ClCompile Include="src\Engine\Utility\Logger.cpp">
      <Filter>Engine\Utility</Filter>
    </ClCompile>
    <ClCompile Include="src\Engine\Utility\StringUtility.cpp">
      <Filter>Engine\Utility</Filter>
    </ClCompile>
    <ClCompile Include="src\Engine\Math\math.cpp">
      <Filter>Engine\Math</Filter>
    </ClCompile>
    <ClCompile Include="src\Engine\Graphics\D3DResourceCheck.cpp">
      <Filter>Engine\Graphics</Filter>
    </ClCompile>
    <ClCompile Include="src\Engine\Graphics\SpriteCommon.cpp">
      <Filter>Engine\Graphics</Filter>
    </ClCompile>
    <ClCompile Include="src\Engine\Graphics\Sprite.cpp">
      <Filter>Engine\Graphics</Filter>
    </ClCompile>
    <ClCompile Include="src\Engine\Graphics\TextureManager.cpp">
      <Filter>Engine\Graphics</Filter>
    </ClCompile>
    <ClCompile Include="src\Engine\Graphics\RenderingPipeline.cpp">
      <Filter>Engine\Graphics</Filter>
    </ClCompile>
    <ClCompile Include="src\Engine\Graphics\Model.cpp">
      <Filter>Engine\Graphics</Filter>
    </ClCompile>
    <ClCompile Include="src\Engine\Graphics\Object3d.cpp">
      <Filter>Engine\Graphics</Filter>
    </ClCompile>
    <ClCompile Include="src\Game\main.cpp">
      <Filter>Game</Filter>
    </ClCompile>
  </ItemGroup>
  <ItemGroup>
    <ClInclude Include="externals\imgui\imconfig.h">
      <Filter>externals\imgui</Filter>
    </ClInclude>
    <ClInclude Include="externals\imgui\imgui.h">
      <Filter>externals\imgui</Filter>
    </ClInclude>
    <ClInclude Include="externals\imgui\imgui_impl_dx12.h">
      <Filter>externals\imgui</Filter>
    </ClInclude>
    <ClInclude Include="externals\imgui\imgui_impl_win32.h">
      <Filter>externals\imgui</Filter>
    </ClInclude>
    <ClInclude Include="externals\imgui\imgui_internal.h">
      <Filter>externals\imgui</Filter>
    </ClInclude>
    <ClInclude Include="externals\imgui\imstb_rectpack.h">
      <Filter>externals\imgui</Filter>
    </ClInclude>
    <ClInclude Include="externals\imgui\imstb_textedit.h">
      <Filter>externals\imgui</Filter>
    </ClInclude>
    <ClInclude Include="externals\imgui\imstb_truetype.h">
      <Filter>externals\imgui</Filter>
    </ClInclude>
    <ClInclude Include="src\Engine\Graphics\ResourceObject.h">
      <Filter>Engine\Graphics</Filter>
    </ClInclude>
    <ClInclude Include="src\Engine\Input\Input.h">
      <Filter>Engine\Input</Filter>
    </ClInclude>
    <ClInclude Include="src\Engine\Utility\WinApp.h">
      <Filter>Engine\Utility</Filter>
    </ClInclude>
    <ClInclude Include="src\Engine\Graphics\DirectXCommon.h">
      <Filter>Engine\Graphics</Filter>
    </ClInclude>
    <ClInclude Include="src\Engine\Utility\Logger.h">
      <Filter>Engine\Utility</Filter>
    </ClInclude>
    <ClInclude Include="src\Engine\Utility\StringUtility.h">
      <Filter>Engine\Utility</Filter>
    </ClInclude>
    <ClInclude Include="src\Engine\Math\Matrix3x3.h">
      <Filter>Engine\Math</Filter>
    </ClInclude>
    <ClInclude Include="src\Engine\Math\Matrix4x4.h">
      <Filter>Engine\Math</Filter>
    </ClInclude>
    <ClInclude Include="src\Engine\Math\Vector2.h">
      <Filter>Engine\Math</Filter>
    </ClInclude>
    <ClInclude Include="src\Engine\Math\Vector3.h">
      <Filter>Engine\Math</Filter>
    </ClInclude>
    <ClInclude Include="src\Engine\Math\Vector4.h">
      <Filter>Engine\Math</Filter>
    </ClInclude>
    <ClInclude Include="src\Engine\Graphics\D3DResourceCheck.h">
      <Filter>Engine\Graphics</Filter>
    </ClInclude>
    <ClInclude Include="src\Engine\Math\math.h">
      <Filter>Engine\Math</Filter>
    </ClInclude>
    <ClInclude Include="src\Engine\Graphics\SpriteCommon.h">
      <Filter>Engine\Graphics</Filter>
    </ClInclude>
    <ClInclude Include="src\Engine\Graphics\Sprite.h">
      <Filter>Engine\Graphics</Filter>
    </ClInclude>
    <ClInclude Include="src\Engine\Graphics\TextureManager.h">
      <Filter>Engine\Graphics</Filter>
    </ClInclude>
    <ClInclude Include="src\Engine\Graphics\RenderingPipeline.h">
      <Filter>Engine\Graphics</Filter>
    </ClInclude>
    <ClInclude Include="src\Engine\Graphics\Model.h">
      <Filter>Engine\Graphics</Filter>
    </ClInclude>
    <ClInclude Include="src\Engine\Graphics\Object3d.h">
      <Filter>Engine\Graphics</Filter>
    </ClInclude>
  </ItemGroup>
  <ItemGroup>
    <Text Include="externals\imgui\LICENSE.txt">
      <Filter>externals\imgui</Filter>
    </Text>
  </ItemGroup>
  <ItemGroup>
    <None Include="Resources\shaders\Object3d.hlsli">
      <Filter>リソース ファイル</Filter>
    </None>
  </ItemGroup>
  <ItemGroup>
    <FxCompile Include="Resources\shaders\Object3d.PS.hlsl">
      <Filter>リソース ファイル</Filter>
    </FxCompile>
    <FxCompile Include="Resources\shaders\Object3d.VS.hlsl">
      <Filter>リソース ファイル</Filter>
    </FxCompile>
  </ItemGroup>
</Project>